PODS:
  - AFNetworking (1.3.4)
  - CocoaLumberjack (2.0.0):
    - CocoaLumberjack/Default (= 2.0.0)
    - CocoaLumberjack/Extensions (= 2.0.0)
  - CocoaLumberjack/Core (2.0.0)
  - CocoaLumberjack/Default (2.0.0):
    - CocoaLumberjack/Core
  - CocoaLumberjack/Extensions (2.0.0):
    - CocoaLumberjack/Default
  - CrittercismSDK (5.1.3)
  - iRate (1.11.3)
  - ISO8601DateFormatter (0.7)
  - Mantle (1.3.1):
    - Mantle/extobjc (= 1.3.1)
  - Mantle/extobjc (1.3.1)
  - Mixpanel (2.7.3):
    - Mixpanel/MPCategoryHelpers (= 2.7.3)
  - Mixpanel/MPCategoryHelpers (2.7.3)
  - ObjectiveSugar (1.1.0)
  - OctoKit (0.7.6):
    - AFNetworking (~> 1.3.3)
    - ISO8601DateFormatter (~> 0.7.0)
    - Mantle (~> 1.3.1)
    - ReactiveCocoa (~> 2.2.2)
  - pop (1.0.7)
  - ReactiveCocoa (2.2.4):
    - ReactiveCocoa/Core (= 2.2.4)
    - ReactiveCocoa/no-arc (= 2.2.4)
  - ReactiveCocoa/Core (2.2.4):
    - ReactiveCocoa/no-arc
  - ReactiveCocoa/no-arc (2.2.4)
  - SDWebImage (3.7.2):
    - SDWebImage/Core (= 3.7.2)
  - SDWebImage/Core (3.7.2)
  - SSKeychain (1.2.2)
  - SVProgressHUD (1.1.3)
  - VBFPopFlatButton (0.0.5):
    - pop
  - WTAHelpers/WTAFrameHelpers (0.1.1)

DEPENDENCIES:
  - CocoaLumberjack
  - CrittercismSDK
  - iRate (~> 1.11)
  - Mixpanel
  - ObjectiveSugar
  - OctoKit (from `https://github.com/octokit/octokit.objc.git`, tag `0.7.6`)
  - SDWebImage (~> 3.7)
  - SSKeychain
  - SVProgressHUD (~> 1.1)
  - VBFPopFlatButton (from `https://github.com/aaron9000/VBFPopFlatButton.git`, tag
    `0.0.7`)
  - WTAHelpers/WTAFrameHelpers (from `git@github.com:willowtreeapps/WTAHelpers.git`)

EXTERNAL SOURCES:
  OctoKit:
    :git: https://github.com/octokit/octokit.objc.git
    :podspec: Octokit.podspec.json
    :tag: 0.7.6
  VBFPopFlatButton:
    :git: https://github.com/aaron9000/VBFPopFlatButton.git
    :podspec: VBFPopFlatButton.podspec.json
    :tag: 0.0.7
  WTAHelpers:
    :git: git@github.com:willowtreeapps/WTAHelpers.git

CHECKOUT OPTIONS:
  WTAHelpers:
    :commit: e1726ea9702bd9d041ae04558529ba5e46fdbc1a
    :git: git@github.com:willowtreeapps/WTAHelpers.git

SPEC CHECKSUMS:
  AFNetworking: cf8e418e16f0c9c7e5c3150d019a3c679d015018
  CocoaLumberjack: a6f77d987d65dc7ba86b0f84db7d0b9084f77bcb
  CrittercismSDK: 8d8b001c8350428bb0f05741a55faba04e0b2dca
  iRate: 09ef501c74ade02013348bc33225ea48f7aa4e55
  ISO8601DateFormatter: ab926648eebe497f4d167c0fd083992f959f1274
  Mantle: a516570b84c3cefb34b02647a6588a087dddc490
  Mixpanel: 1d387d76800e07e953958c62c97fea27f13632dd
  ObjectiveSugar: a6a25f23d657c19df0a0b972466d5b5ca9f5295c
  OctoKit: 67912e0ff91d4cf0f1b777050791495db7fa2d6a
  pop: 628ffc631644601567ee8bfaaaea493ebd7d0923
  ReactiveCocoa: 78d9d1057f6e2595a67285b5adb0c90d0fc2237c
  SDWebImage: 71b7cdc1d1721d6a82ed62889030225f2c249e29
  SSKeychain: 88767e903ee8d274ed380e364d96b7a101235286
  SVProgressHUD: 748080e4f36e603f6c02aec292664239df5279c1
  VBFPopFlatButton: c764adf7a5e16a862c6644c7d6f876e030855387
  WTAHelpers: 293d44201fe3fac419d3f096e927faed3f74f432

COCOAPODS: 0.36.3
