// !$*UTF8*$!
{
	archiveVersion = 1;
	classes = {
	};
	objectVersion = 46;
	objects = {

/* Begin PBXBuildFile section */
		A565C6501AC7A3980009815A /* main.m in Sources */ = {isa = PBXBuildFile; fileRef = A565C64F1AC7A3980009815A /* main.m */; };
		A565C6531AC7A3980009815A /* AppDelegate.m in Sources */ = {isa = PBXBuildFile; fileRef = A565C6521AC7A3980009815A /* AppDelegate.m */; };
		A565C66A1AC7A3980009815A /* gistlistTests.m in Sources */ = {isa = PBXBuildFile; fileRef = A565C6691AC7A3980009815A /* gistlistTests.m */; };
		A565C7C31AC7AE3C0009815A /* NSObject+Blocks.m in Sources */ = {isa = PBXBuildFile; fileRef = A565C7951AC7AE3C0009815A /* NSObject+Blocks.m */; };
		A565C7C41AC7AE3C0009815A /* UIButton+Extensions.m in Sources */ = {isa = PBXBuildFile; fileRef = A565C7971AC7AE3C0009815A /* UIButton+Extensions.m */; };
		A565C7C51AC7AE3C0009815A /* UIImage+iPhone5.m in Sources */ = {isa = PBXBuildFile; fileRef = A565C79A1AC7AE3C0009815A /* UIImage+iPhone5.m */; };
		A565C7C71AC7AE3C0009815A /* Task.m in Sources */ = {isa = PBXBuildFile; fileRef = A565C7A11AC7AE3C0009815A /* Task.m */; };
		A565C7C81AC7AE3C0009815A /* TaskList.m in Sources */ = {isa = PBXBuildFile; fileRef = A565C7A31AC7AE3C0009815A /* TaskList.m */; };
		A565C7C91AC7AE3C0009815A /* KeychainStorage.m in Sources */ = {isa = PBXBuildFile; fileRef = A565C7A61AC7AE3C0009815A /* KeychainStorage.m */; };
		A565C7CB1AC7AE3C0009815A /* LocalStorage.m in Sources */ = {isa = PBXBuildFile; fileRef = A565C7AA1AC7AE3C0009815A /* LocalStorage.m */; };
		A565C7CF1AC7AE3C0009815A /* BaseViewController.m in Sources */ = {isa = PBXBuildFile; fileRef = A565C7B41AC7AE3C0009815A /* BaseViewController.m */; };
		A565C7D01AC7AE3C0009815A /* LandingViewController.m in Sources */ = {isa = PBXBuildFile; fileRef = A565C7B61AC7AE3C0009815A /* LandingViewController.m */; };
		A565C7D11AC7AE3C0009815A /* LoginViewController.m in Sources */ = {isa = PBXBuildFile; fileRef = A565C7B81AC7AE3C0009815A /* LoginViewController.m */; };
		A565C7D21AC7AE3C0009815A /* MainMenuViewController.m in Sources */ = {isa = PBXBuildFile; fileRef = A565C7BA1AC7AE3C0009815A /* MainMenuViewController.m */; };
		A565C7D31AC7AE3C0009815A /* SettingsViewController.m in Sources */ = {isa = PBXBuildFile; fileRef = A565C7BC1AC7AE3C0009815A /* SettingsViewController.m */; };
		A565C7D41AC7AE3C0009815A /* TaskCell.m in Sources */ = {isa = PBXBuildFile; fileRef = A565C7BE1AC7AE3C0009815A /* TaskCell.m */; };
		A565C7D51AC7AE3C0009815A /* TasksViewController.m in Sources */ = {isa = PBXBuildFile; fileRef = A565C7C01AC7AE3C0009815A /* TasksViewController.m */; };
		A565C7D81AC7AFA90009815A /* OCTClient+FetchDatedGist.m in Sources */ = {isa = PBXBuildFile; fileRef = A565C7D71AC7AFA90009815A /* OCTClient+FetchDatedGist.m */; };
		A57DB9D01AD99D260092B623 /* AppIcon29x29.png in Resources */ = {isa = PBXBuildFile; fileRef = A57DB98B1AD99D260092B623 /* AppIcon29x29.png */; };
		A57DB9D11AD99D260092B623 /* AppIcon29x29@2x.png in Resources */ = {isa = PBXBuildFile; fileRef = A57DB98C1AD99D260092B623 /* AppIcon29x29@2x.png */; };
		A57DB9D21AD99D260092B623 /* AppIcon40x40.png in Resources */ = {isa = PBXBuildFile; fileRef = A57DB98D1AD99D260092B623 /* AppIcon40x40.png */; };
		A57DB9D31AD99D260092B623 /* AppIcon40x40@2x.png in Resources */ = {isa = PBXBuildFile; fileRef = A57DB98E1AD99D260092B623 /* AppIcon40x40@2x.png */; };
		A57DB9D41AD99D260092B623 /* AppIcon60x60.png in Resources */ = {isa = PBXBuildFile; fileRef = A57DB98F1AD99D260092B623 /* AppIcon60x60.png */; };
		A57DB9D51AD99D260092B623 /* AppIcon60x60@2x.png in Resources */ = {isa = PBXBuildFile; fileRef = A57DB9901AD99D260092B623 /* AppIcon60x60@2x.png */; };
		A57DB9D61AD99D260092B623 /* AppIcon76x76.png in Resources */ = {isa = PBXBuildFile; fileRef = A57DB9911AD99D260092B623 /* AppIcon76x76.png */; };
		A57DB9D71AD99D260092B623 /* AppIcon76x76@2x.png in Resources */ = {isa = PBXBuildFile; fileRef = A57DB9921AD99D260092B623 /* AppIcon76x76@2x.png */; };
		A57DB9D81AD99D260092B623 /* iTunesArtwork.png in Resources */ = {isa = PBXBuildFile; fileRef = A57DB9931AD99D260092B623 /* iTunesArtwork.png */; };
		A57DB9D91AD99D260092B623 /* iTunesArtwork@2x.png in Resources */ = {isa = PBXBuildFile; fileRef = A57DB9941AD99D260092B623 /* iTunesArtwork@2x.png */; };
		A57DBA151AD9AC7F0092B623 /* RACSignal+Extensions.m in Sources */ = {isa = PBXBuildFile; fileRef = A57DBA141AD9AC7F0092B623 /* RACSignal+Extensions.m */; };
		A57DBA1D1AD9B95D0092B623 /* DialogHelper.m in Sources */ = {isa = PBXBuildFile; fileRef = A57DBA1C1AD9B95D0092B623 /* DialogHelper.m */; };
		A598EDE21B07A20000112AAE /* UIView+Controls.m in Sources */ = {isa = PBXBuildFile; fileRef = A598EDE11B07A20000112AAE /* UIView+Controls.m */; };
		A59A452D1B24FAA5009CCD43 /* AppIcon29x29@3x.png in Resources */ = {isa = PBXBuildFile; fileRef = A59A45281B24FAA5009CCD43 /* AppIcon29x29@3x.png */; };
		A59A452E1B24FAA5009CCD43 /* AppIcon40x40@3x.png in Resources */ = {isa = PBXBuildFile; fileRef = A59A45291B24FAA5009CCD43 /* AppIcon40x40@3x.png */; };
		A59A452F1B24FAA5009CCD43 /* AppIcon60x60@3x.png in Resources */ = {isa = PBXBuildFile; fileRef = A59A452A1B24FAA5009CCD43 /* AppIcon60x60@3x.png */; };
		A59A45301B24FAA5009CCD43 /* AppIcon76x76@3x.png in Resources */ = {isa = PBXBuildFile; fileRef = A59A452B1B24FAA5009CCD43 /* AppIcon76x76@3x.png */; };
		A59A45311B24FAA5009CCD43 /* iTunesArtwork@3x.png in Resources */ = {isa = PBXBuildFile; fileRef = A59A452C1B24FAA5009CCD43 /* iTunesArtwork@3x.png */; };
		A5A2FB221B1169920066DB9D /* GLTheme.m in Sources */ = {isa = PBXBuildFile; fileRef = A5A2FB211B1169920066DB9D /* GLTheme.m */; };
		A5E580E31B11832D00665A6C /* Default-375w-667h@2x.png in Resources */ = {isa = PBXBuildFile; fileRef = A5E580DF1B11832D00665A6C /* Default-375w-667h@2x.png */; };
		A5E580E41B11832D00665A6C /* Default-414w-736h@3x.png in Resources */ = {isa = PBXBuildFile; fileRef = A5E580E01B11832D00665A6C /* Default-414w-736h@3x.png */; };
		A5E580E51B11832D00665A6C /* Default-568h@2x.png in Resources */ = {isa = PBXBuildFile; fileRef = A5E580E11B11832D00665A6C /* Default-568h@2x.png */; };
		A5E580E61B11832D00665A6C /* Default@2x.png in Resources */ = {isa = PBXBuildFile; fileRef = A5E580E21B11832D00665A6C /* Default@2x.png */; };
		A5E580E81B1183CD00665A6C /* Images.xcassets in Resources */ = {isa = PBXBuildFile; fileRef = A5E580E71B1183CD00665A6C /* Images.xcassets */; };
		A5E9FEDD1AE9893400DC6394 /* NotificationHelper.m in Sources */ = {isa = PBXBuildFile; fileRef = A5E9FEDC1AE9893400DC6394 /* NotificationHelper.m */; };
		A5E9FEE41AE98ABF00DC6394 /* AppService.m in Sources */ = {isa = PBXBuildFile; fileRef = A5E9FEE11AE98ABF00DC6394 /* AppService.m */; };
		A5E9FEE51AE98ABF00DC6394 /* GithubService.m in Sources */ = {isa = PBXBuildFile; fileRef = A5E9FEE31AE98ABF00DC6394 /* GithubService.m */; };
		A5E9FEED1AE98AFF00DC6394 /* AnalyticsHelper.m in Sources */ = {isa = PBXBuildFile; fileRef = A5E9FEEC1AE98AFF00DC6394 /* AnalyticsHelper.m */; };
		A5E9FEF01AE98C3C00DC6394 /* LocalData.m in Sources */ = {isa = PBXBuildFile; fileRef = A5E9FEEF1AE98C3C00DC6394 /* LocalData.m */; };
		A5E9FF301AEC09D600DC6394 /* MarkdownHelper.m in Sources */ = {isa = PBXBuildFile; fileRef = A5E9FF2F1AEC09D600DC6394 /* MarkdownHelper.m */; };
		A5EF71411BA55ACD00BBEBDF /* Errors.m in Sources */ = {isa = PBXBuildFile; fileRef = A5EF71401BA55ACD00BBEBDF /* Errors.m */; };
		F9D24927E9E7E414A78DD290 /* libPods-gistlist.a in Frameworks */ = {isa = PBXBuildFile; fileRef = B8B275530C6433A85A03A99E /* libPods-gistlist.a */; };
/* End PBXBuildFile section */

/* Begin PBXContainerItemProxy section */
		A565C6641AC7A3980009815A /* PBXContainerItemProxy */ = {
			isa = PBXContainerItemProxy;
			containerPortal = A565C6421AC7A3980009815A /* Project object */;
			proxyType = 1;
			remoteGlobalIDString = A565C6491AC7A3980009815A;
			remoteInfo = gistlist;
		};
/* End PBXContainerItemProxy section */

/* Begin PBXFileReference section */
		1D6205505B0C04592783250B /* Pods-gistlist.release.xcconfig */ = {isa = PBXFileReference; includeInIndex = 1; lastKnownFileType = text.xcconfig; name = "Pods-gistlist.release.xcconfig"; path = "Pods/Target Support Files/Pods-gistlist/Pods-gistlist.release.xcconfig"; sourceTree = "<group>"; };
		737633AE8E95716FE2882E6B /* Pods-gistlist.debug.xcconfig */ = {isa = PBXFileReference; includeInIndex = 1; lastKnownFileType = text.xcconfig; name = "Pods-gistlist.debug.xcconfig"; path = "Pods/Target Support Files/Pods-gistlist/Pods-gistlist.debug.xcconfig"; sourceTree = "<group>"; };
		A565C64A1AC7A3980009815A /* GistList.app */ = {isa = PBXFileReference; explicitFileType = wrapper.application; includeInIndex = 0; path = GistList.app; sourceTree = BUILT_PRODUCTS_DIR; };
		A565C64E1AC7A3980009815A /* Info.plist */ = {isa = PBXFileReference; lastKnownFileType = text.plist.xml; path = Info.plist; sourceTree = "<group>"; };
		A565C64F1AC7A3980009815A /* main.m */ = {isa = PBXFileReference; lastKnownFileType = sourcecode.c.objc; path = main.m; sourceTree = "<group>"; };
		A565C6511AC7A3980009815A /* AppDelegate.h */ = {isa = PBXFileReference; lastKnownFileType = sourcecode.c.h; path = AppDelegate.h; sourceTree = "<group>"; };
		A565C6521AC7A3980009815A /* AppDelegate.m */ = {isa = PBXFileReference; lastKnownFileType = sourcecode.c.objc; path = AppDelegate.m; sourceTree = "<group>"; };
		A565C6631AC7A3980009815A /* gistlistTests.xctest */ = {isa = PBXFileReference; explicitFileType = wrapper.cfbundle; includeInIndex = 0; path = gistlistTests.xctest; sourceTree = BUILT_PRODUCTS_DIR; };
		A565C6681AC7A3980009815A /* Info.plist */ = {isa = PBXFileReference; lastKnownFileType = text.plist.xml; path = Info.plist; sourceTree = "<group>"; };
		A565C6691AC7A3980009815A /* gistlistTests.m */ = {isa = PBXFileReference; lastKnownFileType = sourcecode.c.objc; path = gistlistTests.m; sourceTree = "<group>"; };
		A565C7941AC7AE3C0009815A /* NSObject+Blocks.h */ = {isa = PBXFileReference; fileEncoding = 4; lastKnownFileType = sourcecode.c.h; path = "NSObject+Blocks.h"; sourceTree = "<group>"; };
		A565C7951AC7AE3C0009815A /* NSObject+Blocks.m */ = {isa = PBXFileReference; fileEncoding = 4; lastKnownFileType = sourcecode.c.objc; path = "NSObject+Blocks.m"; sourceTree = "<group>"; };
		A565C7961AC7AE3C0009815A /* UIButton+Extensions.h */ = {isa = PBXFileReference; fileEncoding = 4; lastKnownFileType = sourcecode.c.h; path = "UIButton+Extensions.h"; sourceTree = "<group>"; };
		A565C7971AC7AE3C0009815A /* UIButton+Extensions.m */ = {isa = PBXFileReference; fileEncoding = 4; lastKnownFileType = sourcecode.c.objc; path = "UIButton+Extensions.m"; sourceTree = "<group>"; };
		A565C7981AC7AE3C0009815A /* UIColor+RGB.h */ = {isa = PBXFileReference; fileEncoding = 4; lastKnownFileType = sourcecode.c.h; path = "UIColor+RGB.h"; sourceTree = "<group>"; };
		A565C7991AC7AE3C0009815A /* UIImage+iPhone5.h */ = {isa = PBXFileReference; fileEncoding = 4; lastKnownFileType = sourcecode.c.h; path = "UIImage+iPhone5.h"; sourceTree = "<group>"; };
		A565C79A1AC7AE3C0009815A /* UIImage+iPhone5.m */ = {isa = PBXFileReference; fileEncoding = 4; lastKnownFileType = sourcecode.c.objc; path = "UIImage+iPhone5.m"; sourceTree = "<group>"; };
		A565C7A01AC7AE3C0009815A /* Task.h */ = {isa = PBXFileReference; fileEncoding = 4; lastKnownFileType = sourcecode.c.h; path = Task.h; sourceTree = "<group>"; };
		A565C7A11AC7AE3C0009815A /* Task.m */ = {isa = PBXFileReference; fileEncoding = 4; lastKnownFileType = sourcecode.c.objc; path = Task.m; sourceTree = "<group>"; };
		A565C7A21AC7AE3C0009815A /* TaskList.h */ = {isa = PBXFileReference; fileEncoding = 4; lastKnownFileType = sourcecode.c.h; path = TaskList.h; sourceTree = "<group>"; };
		A565C7A31AC7AE3C0009815A /* TaskList.m */ = {isa = PBXFileReference; fileEncoding = 4; lastKnownFileType = sourcecode.c.objc; path = TaskList.m; sourceTree = "<group>"; };
		A565C7A51AC7AE3C0009815A /* KeychainStorage.h */ = {isa = PBXFileReference; fileEncoding = 4; lastKnownFileType = sourcecode.c.h; path = KeychainStorage.h; sourceTree = "<group>"; };
		A565C7A61AC7AE3C0009815A /* KeychainStorage.m */ = {isa = PBXFileReference; fileEncoding = 4; lastKnownFileType = sourcecode.c.objc; path = KeychainStorage.m; sourceTree = "<group>"; };
		A565C7A91AC7AE3C0009815A /* LocalStorage.h */ = {isa = PBXFileReference; fileEncoding = 4; lastKnownFileType = sourcecode.c.h; path = LocalStorage.h; sourceTree = "<group>"; };
		A565C7AA1AC7AE3C0009815A /* LocalStorage.m */ = {isa = PBXFileReference; fileEncoding = 4; lastKnownFileType = sourcecode.c.objc; path = LocalStorage.m; sourceTree = "<group>"; };
		A565C7B31AC7AE3C0009815A /* BaseViewController.h */ = {isa = PBXFileReference; fileEncoding = 4; lastKnownFileType = sourcecode.c.h; path = BaseViewController.h; sourceTree = "<group>"; };
		A565C7B41AC7AE3C0009815A /* BaseViewController.m */ = {isa = PBXFileReference; fileEncoding = 4; lastKnownFileType = sourcecode.c.objc; path = BaseViewController.m; sourceTree = "<group>"; };
		A565C7B51AC7AE3C0009815A /* LandingViewController.h */ = {isa = PBXFileReference; fileEncoding = 4; lastKnownFileType = sourcecode.c.h; path = LandingViewController.h; sourceTree = "<group>"; };
		A565C7B61AC7AE3C0009815A /* LandingViewController.m */ = {isa = PBXFileReference; fileEncoding = 4; lastKnownFileType = sourcecode.c.objc; path = LandingViewController.m; sourceTree = "<group>"; };
		A565C7B71AC7AE3C0009815A /* LoginViewController.h */ = {isa = PBXFileReference; fileEncoding = 4; lastKnownFileType = sourcecode.c.h; path = LoginViewController.h; sourceTree = "<group>"; };
		A565C7B81AC7AE3C0009815A /* LoginViewController.m */ = {isa = PBXFileReference; fileEncoding = 4; lastKnownFileType = sourcecode.c.objc; path = LoginViewController.m; sourceTree = "<group>"; };
		A565C7B91AC7AE3C0009815A /* MainMenuViewController.h */ = {isa = PBXFileReference; fileEncoding = 4; lastKnownFileType = sourcecode.c.h; path = MainMenuViewController.h; sourceTree = "<group>"; };
		A565C7BA1AC7AE3C0009815A /* MainMenuViewController.m */ = {isa = PBXFileReference; fileEncoding = 4; lastKnownFileType = sourcecode.c.objc; path = MainMenuViewController.m; sourceTree = "<group>"; };
		A565C7BB1AC7AE3C0009815A /* SettingsViewController.h */ = {isa = PBXFileReference; fileEncoding = 4; lastKnownFileType = sourcecode.c.h; path = SettingsViewController.h; sourceTree = "<group>"; };
		A565C7BC1AC7AE3C0009815A /* SettingsViewController.m */ = {isa = PBXFileReference; fileEncoding = 4; lastKnownFileType = sourcecode.c.objc; path = SettingsViewController.m; sourceTree = "<group>"; };
		A565C7BD1AC7AE3C0009815A /* TaskCell.h */ = {isa = PBXFileReference; fileEncoding = 4; lastKnownFileType = sourcecode.c.h; path = TaskCell.h; sourceTree = "<group>"; };
		A565C7BE1AC7AE3C0009815A /* TaskCell.m */ = {isa = PBXFileReference; fileEncoding = 4; lastKnownFileType = sourcecode.c.objc; path = TaskCell.m; sourceTree = "<group>"; };
		A565C7BF1AC7AE3C0009815A /* TasksViewController.h */ = {isa = PBXFileReference; fileEncoding = 4; lastKnownFileType = sourcecode.c.h; path = TasksViewController.h; sourceTree = "<group>"; };
		A565C7C01AC7AE3C0009815A /* TasksViewController.m */ = {isa = PBXFileReference; fileEncoding = 4; lastKnownFileType = sourcecode.c.objc; path = TasksViewController.m; sourceTree = "<group>"; };
		A565C7D61AC7AFA90009815A /* OCTClient+FetchDatedGist.h */ = {isa = PBXFileReference; fileEncoding = 4; lastKnownFileType = sourcecode.c.h; path = "OCTClient+FetchDatedGist.h"; sourceTree = "<group>"; };
		A565C7D71AC7AFA90009815A /* OCTClient+FetchDatedGist.m */ = {isa = PBXFileReference; fileEncoding = 4; lastKnownFileType = sourcecode.c.objc; path = "OCTClient+FetchDatedGist.m"; sourceTree = "<group>"; };
		A57DB98B1AD99D260092B623 /* AppIcon29x29.png */ = {isa = PBXFileReference; lastKnownFileType = image.png; path = AppIcon29x29.png; sourceTree = "<group>"; };
		A57DB98C1AD99D260092B623 /* AppIcon29x29@2x.png */ = {isa = PBXFileReference; lastKnownFileType = image.png; path = "AppIcon29x29@2x.png"; sourceTree = "<group>"; };
		A57DB98D1AD99D260092B623 /* AppIcon40x40.png */ = {isa = PBXFileReference; lastKnownFileType = image.png; path = AppIcon40x40.png; sourceTree = "<group>"; };
		A57DB98E1AD99D260092B623 /* AppIcon40x40@2x.png */ = {isa = PBXFileReference; lastKnownFileType = image.png; path = "AppIcon40x40@2x.png"; sourceTree = "<group>"; };
		A57DB98F1AD99D260092B623 /* AppIcon60x60.png */ = {isa = PBXFileReference; lastKnownFileType = image.png; path = AppIcon60x60.png; sourceTree = "<group>"; };
		A57DB9901AD99D260092B623 /* AppIcon60x60@2x.png */ = {isa = PBXFileReference; lastKnownFileType = image.png; path = "AppIcon60x60@2x.png"; sourceTree = "<group>"; };
		A57DB9911AD99D260092B623 /* AppIcon76x76.png */ = {isa = PBXFileReference; lastKnownFileType = image.png; path = AppIcon76x76.png; sourceTree = "<group>"; };
		A57DB9921AD99D260092B623 /* AppIcon76x76@2x.png */ = {isa = PBXFileReference; lastKnownFileType = image.png; path = "AppIcon76x76@2x.png"; sourceTree = "<group>"; };
		A57DB9931AD99D260092B623 /* iTunesArtwork.png */ = {isa = PBXFileReference; lastKnownFileType = image.png; path = iTunesArtwork.png; sourceTree = "<group>"; };
		A57DB9941AD99D260092B623 /* iTunesArtwork@2x.png */ = {isa = PBXFileReference; lastKnownFileType = image.png; path = "iTunesArtwork@2x.png"; sourceTree = "<group>"; };
		A57DBA131AD9AC7F0092B623 /* RACSignal+Extensions.h */ = {isa = PBXFileReference; fileEncoding = 4; lastKnownFileType = sourcecode.c.h; path = "RACSignal+Extensions.h"; sourceTree = "<group>"; };
		A57DBA141AD9AC7F0092B623 /* RACSignal+Extensions.m */ = {isa = PBXFileReference; fileEncoding = 4; lastKnownFileType = sourcecode.c.objc; path = "RACSignal+Extensions.m"; sourceTree = "<group>"; };
		A57DBA1B1AD9B95D0092B623 /* DialogHelper.h */ = {isa = PBXFileReference; fileEncoding = 4; lastKnownFileType = sourcecode.c.h; name = DialogHelper.h; path = Helpers/DialogHelper.h; sourceTree = "<group>"; };
		A57DBA1C1AD9B95D0092B623 /* DialogHelper.m */ = {isa = PBXFileReference; fileEncoding = 4; lastKnownFileType = sourcecode.c.objc; name = DialogHelper.m; path = Helpers/DialogHelper.m; sourceTree = "<group>"; };
		A598EDE01B07A20000112AAE /* UIView+Controls.h */ = {isa = PBXFileReference; fileEncoding = 4; lastKnownFileType = sourcecode.c.h; path = "UIView+Controls.h"; sourceTree = "<group>"; };
		A598EDE11B07A20000112AAE /* UIView+Controls.m */ = {isa = PBXFileReference; fileEncoding = 4; lastKnownFileType = sourcecode.c.objc; path = "UIView+Controls.m"; sourceTree = "<group>"; };
		A598EDE41B07ECEC00112AAE /* Config.h */ = {isa = PBXFileReference; fileEncoding = 4; lastKnownFileType = sourcecode.c.h; name = Config.h; path = Config/Config.h; sourceTree = "<group>"; };
		A598EDE51B07ED4900112AAE /* Helpers.h */ = {isa = PBXFileReference; lastKnownFileType = sourcecode.c.h; name = Helpers.h; path = Helpers/Helpers.h; sourceTree = "<group>"; };
		A598EDE61B07ED7B00112AAE /* Extensions.h */ = {isa = PBXFileReference; lastKnownFileType = sourcecode.c.h; path = Extensions.h; sourceTree = "<group>"; };
		A59A45281B24FAA5009CCD43 /* AppIcon29x29@3x.png */ = {isa = PBXFileReference; lastKnownFileType = image.png; path = "AppIcon29x29@3x.png"; sourceTree = "<group>"; };
		A59A45291B24FAA5009CCD43 /* AppIcon40x40@3x.png */ = {isa = PBXFileReference; lastKnownFileType = image.png; path = "AppIcon40x40@3x.png"; sourceTree = "<group>"; };
		A59A452A1B24FAA5009CCD43 /* AppIcon60x60@3x.png */ = {isa = PBXFileReference; lastKnownFileType = image.png; path = "AppIcon60x60@3x.png"; sourceTree = "<group>"; };
		A59A452B1B24FAA5009CCD43 /* AppIcon76x76@3x.png */ = {isa = PBXFileReference; lastKnownFileType = image.png; path = "AppIcon76x76@3x.png"; sourceTree = "<group>"; };
		A59A452C1B24FAA5009CCD43 /* iTunesArtwork@3x.png */ = {isa = PBXFileReference; lastKnownFileType = image.png; path = "iTunesArtwork@3x.png"; sourceTree = "<group>"; };
		A5A2FB201B1169920066DB9D /* GLTheme.h */ = {isa = PBXFileReference; fileEncoding = 4; lastKnownFileType = sourcecode.c.h; name = GLTheme.h; path = PaintCode/GLTheme.h; sourceTree = "<group>"; };
		A5A2FB211B1169920066DB9D /* GLTheme.m */ = {isa = PBXFileReference; fileEncoding = 4; lastKnownFileType = sourcecode.c.objc; name = GLTheme.m; path = PaintCode/GLTheme.m; sourceTree = "<group>"; };
		A5E580DF1B11832D00665A6C /* Default-375w-667h@2x.png */ = {isa = PBXFileReference; lastKnownFileType = image.png; path = "Default-375w-667h@2x.png"; sourceTree = "<group>"; };
		A5E580E01B11832D00665A6C /* Default-414w-736h@3x.png */ = {isa = PBXFileReference; lastKnownFileType = image.png; path = "Default-414w-736h@3x.png"; sourceTree = "<group>"; };
		A5E580E11B11832D00665A6C /* Default-568h@2x.png */ = {isa = PBXFileReference; lastKnownFileType = image.png; path = "Default-568h@2x.png"; sourceTree = "<group>"; };
		A5E580E21B11832D00665A6C /* Default@2x.png */ = {isa = PBXFileReference; lastKnownFileType = image.png; path = "Default@2x.png"; sourceTree = "<group>"; };
		A5E580E71B1183CD00665A6C /* Images.xcassets */ = {isa = PBXFileReference; lastKnownFileType = folder.assetcatalog; path = Images.xcassets; sourceTree = "<group>"; };
		A5E9FEDB1AE9893400DC6394 /* NotificationHelper.h */ = {isa = PBXFileReference; fileEncoding = 4; lastKnownFileType = sourcecode.c.h; name = NotificationHelper.h; path = Helpers/NotificationHelper.h; sourceTree = "<group>"; };
		A5E9FEDC1AE9893400DC6394 /* NotificationHelper.m */ = {isa = PBXFileReference; fileEncoding = 4; lastKnownFileType = sourcecode.c.objc; name = NotificationHelper.m; path = Helpers/NotificationHelper.m; sourceTree = "<group>"; };
		A5E9FEE01AE98ABF00DC6394 /* AppService.h */ = {isa = PBXFileReference; fileEncoding = 4; lastKnownFileType = sourcecode.c.h; path = AppService.h; sourceTree = "<group>"; };
		A5E9FEE11AE98ABF00DC6394 /* AppService.m */ = {isa = PBXFileReference; fileEncoding = 4; lastKnownFileType = sourcecode.c.objc; path = AppService.m; sourceTree = "<group>"; };
		A5E9FEE21AE98ABF00DC6394 /* GithubService.h */ = {isa = PBXFileReference; fileEncoding = 4; lastKnownFileType = sourcecode.c.h; path = GithubService.h; sourceTree = "<group>"; };
		A5E9FEE31AE98ABF00DC6394 /* GithubService.m */ = {isa = PBXFileReference; fileEncoding = 4; lastKnownFileType = sourcecode.c.objc; path = GithubService.m; sourceTree = "<group>"; };
		A5E9FEE81AE98AD400DC6394 /* InterfaceConsts.h */ = {isa = PBXFileReference; fileEncoding = 4; lastKnownFileType = sourcecode.c.h; name = InterfaceConsts.h; path = Config/InterfaceConsts.h; sourceTree = "<group>"; wrapsLines = 1; };
		A5E9FEE91AE98AD400DC6394 /* TokensAndKeys.h */ = {isa = PBXFileReference; fileEncoding = 4; lastKnownFileType = sourcecode.c.h; name = TokensAndKeys.h; path = Config/TokensAndKeys.h; sourceTree = "<group>"; };
		A5E9FEEA1AE98AD400DC6394 /* URLs.h */ = {isa = PBXFileReference; fileEncoding = 4; lastKnownFileType = sourcecode.c.h; name = URLs.h; path = Config/URLs.h; sourceTree = "<group>"; };
		A5E9FEEB1AE98AFF00DC6394 /* AnalyticsHelper.h */ = {isa = PBXFileReference; fileEncoding = 4; lastKnownFileType = sourcecode.c.h; name = AnalyticsHelper.h; path = Helpers/AnalyticsHelper.h; sourceTree = "<group>"; };
		A5E9FEEC1AE98AFF00DC6394 /* AnalyticsHelper.m */ = {isa = PBXFileReference; fileEncoding = 4; lastKnownFileType = sourcecode.c.objc; name = AnalyticsHelper.m; path = Helpers/AnalyticsHelper.m; sourceTree = "<group>"; };
		A5E9FEEE1AE98C3C00DC6394 /* LocalData.h */ = {isa = PBXFileReference; fileEncoding = 4; lastKnownFileType = sourcecode.c.h; path = LocalData.h; sourceTree = "<group>"; };
		A5E9FEEF1AE98C3C00DC6394 /* LocalData.m */ = {isa = PBXFileReference; fileEncoding = 4; lastKnownFileType = sourcecode.c.objc; path = LocalData.m; sourceTree = "<group>"; };
		A5E9FF2B1AEC069200DC6394 /* Macros.h */ = {isa = PBXFileReference; fileEncoding = 4; lastKnownFileType = sourcecode.c.h; path = Macros.h; sourceTree = "<group>"; };
		A5E9FF2E1AEC09D600DC6394 /* MarkdownHelper.h */ = {isa = PBXFileReference; fileEncoding = 4; lastKnownFileType = sourcecode.c.h; name = MarkdownHelper.h; path = Helpers/MarkdownHelper.h; sourceTree = "<group>"; };
		A5E9FF2F1AEC09D600DC6394 /* MarkdownHelper.m */ = {isa = PBXFileReference; fileEncoding = 4; lastKnownFileType = sourcecode.c.objc; name = MarkdownHelper.m; path = Helpers/MarkdownHelper.m; sourceTree = "<group>"; };
		A5EF713F1BA55ACD00BBEBDF /* Errors.h */ = {isa = PBXFileReference; fileEncoding = 4; lastKnownFileType = sourcecode.c.h; path = Errors.h; sourceTree = "<group>"; };
		A5EF71401BA55ACD00BBEBDF /* Errors.m */ = {isa = PBXFileReference; fileEncoding = 4; lastKnownFileType = sourcecode.c.objc; path = Errors.m; sourceTree = "<group>"; };
		A5EF71421BA55ADF00BBEBDF /* Notifications.h */ = {isa = PBXFileReference; fileEncoding = 4; lastKnownFileType = sourcecode.c.h; name = Notifications.h; path = Config/Notifications.h; sourceTree = "<group>"; };
		B8B275530C6433A85A03A99E /* libPods-gistlist.a */ = {isa = PBXFileReference; explicitFileType = archive.ar; includeInIndex = 0; path = "libPods-gistlist.a"; sourceTree = BUILT_PRODUCTS_DIR; };
/* End PBXFileReference section */

/* Begin PBXFrameworksBuildPhase section */
		A565C6471AC7A3980009815A /* Frameworks */ = {
			isa = PBXFrameworksBuildPhase;
			buildActionMask = 2147483647;
			files = (
				F9D24927E9E7E414A78DD290 /* libPods-gistlist.a in Frameworks */,
			);
			runOnlyForDeploymentPostprocessing = 0;
		};
		A565C6601AC7A3980009815A /* Frameworks */ = {
			isa = PBXFrameworksBuildPhase;
			buildActionMask = 2147483647;
			files = (
			);
			runOnlyForDeploymentPostprocessing = 0;
		};
/* End PBXFrameworksBuildPhase section */

/* Begin PBXGroup section */
		102F660DD89A0536E6AB4ACC /* Pods */ = {
			isa = PBXGroup;
			children = (
				737633AE8E95716FE2882E6B /* Pods-gistlist.debug.xcconfig */,
				1D6205505B0C04592783250B /* Pods-gistlist.release.xcconfig */,
			);
			name = Pods;
			sourceTree = "<group>";
		};
		5F1358167CC5DA815F09E4C0 /* Frameworks */ = {
			isa = PBXGroup;
			children = (
				B8B275530C6433A85A03A99E /* libPods-gistlist.a */,
			);
			name = Frameworks;
			sourceTree = "<group>";
		};
		A565C6411AC7A3980009815A = {
			isa = PBXGroup;
			children = (
				A565C64C1AC7A3980009815A /* gistlist */,
				A565C6661AC7A3980009815A /* gistlistTests */,
				A565C64B1AC7A3980009815A /* Products */,
				102F660DD89A0536E6AB4ACC /* Pods */,
				5F1358167CC5DA815F09E4C0 /* Frameworks */,
			);
			sourceTree = "<group>";
		};
		A565C64B1AC7A3980009815A /* Products */ = {
			isa = PBXGroup;
			children = (
				A565C64A1AC7A3980009815A /* GistList.app */,
				A565C6631AC7A3980009815A /* gistlistTests.xctest */,
			);
			name = Products;
			sourceTree = "<group>";
		};
		A565C64C1AC7A3980009815A /* gistlist */ = {
			isa = PBXGroup;
			children = (
				A57DB9891AD99D260092B623 /* Resources */,
				A565C73B1AC7AD450009815A /* Classes */,
				A565C6511AC7A3980009815A /* AppDelegate.h */,
				A565C6521AC7A3980009815A /* AppDelegate.m */,
				A5E580E71B1183CD00665A6C /* Images.xcassets */,
				A565C64D1AC7A3980009815A /* Supporting Files */,
			);
			path = gistlist;
			sourceTree = "<group>";
		};
		A565C64D1AC7A3980009815A /* Supporting Files */ = {
			isa = PBXGroup;
			children = (
				A565C64E1AC7A3980009815A /* Info.plist */,
				A565C64F1AC7A3980009815A /* main.m */,
			);
			name = "Supporting Files";
			sourceTree = "<group>";
		};
		A565C6661AC7A3980009815A /* gistlistTests */ = {
			isa = PBXGroup;
			children = (
				A565C6691AC7A3980009815A /* gistlistTests.m */,
				A565C6671AC7A3980009815A /* Supporting Files */,
			);
			path = gistlistTests;
			sourceTree = "<group>";
		};
		A565C6671AC7A3980009815A /* Supporting Files */ = {
			isa = PBXGroup;
			children = (
				A565C6681AC7A3980009815A /* Info.plist */,
			);
			name = "Supporting Files";
			sourceTree = "<group>";
		};
		A565C73B1AC7AD450009815A /* Classes */ = {
			isa = PBXGroup;
			children = (
				A5A2FB231B1169970066DB9D /* PaintCode */,
				A5E9FEDF1AE98ABF00DC6394 /* Services */,
				A5E9FEDE1AE98AB500DC6394 /* Config */,
				A57DBA161AD9ACCE0092B623 /* Helpers */,
				A565C7911AC7AE3C0009815A /* Extensions */,
				A565C79F1AC7AE3C0009815A /* Models */,
				A565C7A41AC7AE3C0009815A /* Storage */,
				A565C7B21AC7AE3C0009815A /* ViewControllers */,
				A5E9FF2B1AEC069200DC6394 /* Macros.h */,
			);
			path = Classes;
			sourceTree = "<group>";
		};
		A565C7911AC7AE3C0009815A /* Extensions */ = {
			isa = PBXGroup;
			children = (
				A565C7941AC7AE3C0009815A /* NSObject+Blocks.h */,
				A565C7951AC7AE3C0009815A /* NSObject+Blocks.m */,
				A565C7961AC7AE3C0009815A /* UIButton+Extensions.h */,
				A565C7971AC7AE3C0009815A /* UIButton+Extensions.m */,
				A565C7981AC7AE3C0009815A /* UIColor+RGB.h */,
				A565C7991AC7AE3C0009815A /* UIImage+iPhone5.h */,
				A565C79A1AC7AE3C0009815A /* UIImage+iPhone5.m */,
				A565C7D61AC7AFA90009815A /* OCTClient+FetchDatedGist.h */,
				A565C7D71AC7AFA90009815A /* OCTClient+FetchDatedGist.m */,
				A57DBA131AD9AC7F0092B623 /* RACSignal+Extensions.h */,
				A57DBA141AD9AC7F0092B623 /* RACSignal+Extensions.m */,
				A598EDE01B07A20000112AAE /* UIView+Controls.h */,
				A598EDE11B07A20000112AAE /* UIView+Controls.m */,
				A598EDE61B07ED7B00112AAE /* Extensions.h */,
			);
			path = Extensions;
			sourceTree = "<group>";
		};
		A565C79F1AC7AE3C0009815A /* Models */ = {
			isa = PBXGroup;
			children = (
				A5EF713F1BA55ACD00BBEBDF /* Errors.h */,
				A5EF71401BA55ACD00BBEBDF /* Errors.m */,
				A5E9FEEE1AE98C3C00DC6394 /* LocalData.h */,
				A5E9FEEF1AE98C3C00DC6394 /* LocalData.m */,
				A565C7A01AC7AE3C0009815A /* Task.h */,
				A565C7A11AC7AE3C0009815A /* Task.m */,
				A565C7A21AC7AE3C0009815A /* TaskList.h */,
				A565C7A31AC7AE3C0009815A /* TaskList.m */,
			);
			path = Models;
			sourceTree = "<group>";
		};
		A565C7A41AC7AE3C0009815A /* Storage */ = {
			isa = PBXGroup;
			children = (
				A565C7A51AC7AE3C0009815A /* KeychainStorage.h */,
				A565C7A61AC7AE3C0009815A /* KeychainStorage.m */,
				A565C7A91AC7AE3C0009815A /* LocalStorage.h */,
				A565C7AA1AC7AE3C0009815A /* LocalStorage.m */,
			);
			path = Storage;
			sourceTree = "<group>";
		};
		A565C7B21AC7AE3C0009815A /* ViewControllers */ = {
			isa = PBXGroup;
			children = (
				A565C7B31AC7AE3C0009815A /* BaseViewController.h */,
				A565C7B41AC7AE3C0009815A /* BaseViewController.m */,
				A565C7B51AC7AE3C0009815A /* LandingViewController.h */,
				A565C7B61AC7AE3C0009815A /* LandingViewController.m */,
				A565C7B71AC7AE3C0009815A /* LoginViewController.h */,
				A565C7B81AC7AE3C0009815A /* LoginViewController.m */,
				A565C7B91AC7AE3C0009815A /* MainMenuViewController.h */,
				A565C7BA1AC7AE3C0009815A /* MainMenuViewController.m */,
				A565C7BB1AC7AE3C0009815A /* SettingsViewController.h */,
				A565C7BC1AC7AE3C0009815A /* SettingsViewController.m */,
				A565C7BD1AC7AE3C0009815A /* TaskCell.h */,
				A565C7BE1AC7AE3C0009815A /* TaskCell.m */,
				A565C7BF1AC7AE3C0009815A /* TasksViewController.h */,
				A565C7C01AC7AE3C0009815A /* TasksViewController.m */,
			);
			path = ViewControllers;
			sourceTree = "<group>";
		};
		A57DB9891AD99D260092B623 /* Resources */ = {
			isa = PBXGroup;
			children = (
				A57DB98A1AD99D260092B623 /* Icons */,
				A57DB9CC1AD99D260092B623 /* Splash */,
			);
			path = Resources;
			sourceTree = "<group>";
		};
		A57DB98A1AD99D260092B623 /* Icons */ = {
			isa = PBXGroup;
			children = (
				A59A45281B24FAA5009CCD43 /* AppIcon29x29@3x.png */,
				A59A45291B24FAA5009CCD43 /* AppIcon40x40@3x.png */,
				A59A452A1B24FAA5009CCD43 /* AppIcon60x60@3x.png */,
				A59A452B1B24FAA5009CCD43 /* AppIcon76x76@3x.png */,
				A59A452C1B24FAA5009CCD43 /* iTunesArtwork@3x.png */,
				A57DB98B1AD99D260092B623 /* AppIcon29x29.png */,
				A57DB98C1AD99D260092B623 /* AppIcon29x29@2x.png */,
				A57DB98D1AD99D260092B623 /* AppIcon40x40.png */,
				A57DB98E1AD99D260092B623 /* AppIcon40x40@2x.png */,
				A57DB98F1AD99D260092B623 /* AppIcon60x60.png */,
				A57DB9901AD99D260092B623 /* AppIcon60x60@2x.png */,
				A57DB9911AD99D260092B623 /* AppIcon76x76.png */,
				A57DB9921AD99D260092B623 /* AppIcon76x76@2x.png */,
				A57DB9931AD99D260092B623 /* iTunesArtwork.png */,
				A57DB9941AD99D260092B623 /* iTunesArtwork@2x.png */,
			);
			path = Icons;
			sourceTree = "<group>";
		};
		A57DB9CC1AD99D260092B623 /* Splash */ = {
			isa = PBXGroup;
			children = (
				A5E580DF1B11832D00665A6C /* Default-375w-667h@2x.png */,
				A5E580E01B11832D00665A6C /* Default-414w-736h@3x.png */,
				A5E580E11B11832D00665A6C /* Default-568h@2x.png */,
				A5E580E21B11832D00665A6C /* Default@2x.png */,
			);
			path = Splash;
			sourceTree = "<group>";
		};
		A57DBA161AD9ACCE0092B623 /* Helpers */ = {
			isa = PBXGroup;
			children = (
				A5E9FEEB1AE98AFF00DC6394 /* AnalyticsHelper.h */,
				A5E9FEEC1AE98AFF00DC6394 /* AnalyticsHelper.m */,
				A57DBA1B1AD9B95D0092B623 /* DialogHelper.h */,
				A57DBA1C1AD9B95D0092B623 /* DialogHelper.m */,
				A5E9FEDB1AE9893400DC6394 /* NotificationHelper.h */,
				A5E9FEDC1AE9893400DC6394 /* NotificationHelper.m */,
				A5E9FF2E1AEC09D600DC6394 /* MarkdownHelper.h */,
				A5E9FF2F1AEC09D600DC6394 /* MarkdownHelper.m */,
				A598EDE51B07ED4900112AAE /* Helpers.h */,
			);
			name = Helpers;
			sourceTree = "<group>";
		};
		A5A2FB231B1169970066DB9D /* PaintCode */ = {
			isa = PBXGroup;
			children = (
				A5A2FB201B1169920066DB9D /* GLTheme.h */,
				A5A2FB211B1169920066DB9D /* GLTheme.m */,
			);
			name = PaintCode;
			sourceTree = "<group>";
		};
		A5E9FEDE1AE98AB500DC6394 /* Config */ = {
			isa = PBXGroup;
			children = (
				A5EF71421BA55ADF00BBEBDF /* Notifications.h */,
				A5E9FEE81AE98AD400DC6394 /* InterfaceConsts.h */,
				A5E9FEE91AE98AD400DC6394 /* TokensAndKeys.h */,
				A5E9FEEA1AE98AD400DC6394 /* URLs.h */,
				A598EDE41B07ECEC00112AAE /* Config.h */,
			);
			name = Config;
			sourceTree = "<group>";
		};
		A5E9FEDF1AE98ABF00DC6394 /* Services */ = {
			isa = PBXGroup;
			children = (
				A5E9FEE01AE98ABF00DC6394 /* AppService.h */,
				A5E9FEE11AE98ABF00DC6394 /* AppService.m */,
				A5E9FEE21AE98ABF00DC6394 /* GithubService.h */,
				A5E9FEE31AE98ABF00DC6394 /* GithubService.m */,
			);
			path = Services;
			sourceTree = "<group>";
		};
/* End PBXGroup section */

/* Begin PBXNativeTarget section */
		A565C6491AC7A3980009815A /* gistlist */ = {
			isa = PBXNativeTarget;
			buildConfigurationList = A565C66D1AC7A3980009815A /* Build configuration list for PBXNativeTarget "gistlist" */;
			buildPhases = (
				605B5065A488A4486E9CA7EE /* [CP] Check Pods Manifest.lock */,
				A565C6461AC7A3980009815A /* Sources */,
				A565C6471AC7A3980009815A /* Frameworks */,
				A565C6481AC7A3980009815A /* Resources */,
				14ADA9F90A37B542F919141C /* [CP] Embed Pods Frameworks */,
				CD59EA4D6AA4E4C25E755EF6 /* [CP] Copy Pods Resources */,
			);
			buildRules = (
			);
			dependencies = (
			);
			name = gistlist;
			productName = gistlist;
			productReference = A565C64A1AC7A3980009815A /* GistList.app */;
			productType = "com.apple.product-type.application";
		};
		A565C6621AC7A3980009815A /* gistlistTests */ = {
			isa = PBXNativeTarget;
			buildConfigurationList = A565C6701AC7A3980009815A /* Build configuration list for PBXNativeTarget "gistlistTests" */;
			buildPhases = (
				A565C65F1AC7A3980009815A /* Sources */,
				A565C6601AC7A3980009815A /* Frameworks */,
				A565C6611AC7A3980009815A /* Resources */,
			);
			buildRules = (
			);
			dependencies = (
				A565C6651AC7A3980009815A /* PBXTargetDependency */,
			);
			name = gistlistTests;
			productName = gistlistTests;
			productReference = A565C6631AC7A3980009815A /* gistlistTests.xctest */;
			productType = "com.apple.product-type.bundle.unit-test";
		};
/* End PBXNativeTarget section */

/* Begin PBXProject section */
		A565C6421AC7A3980009815A /* Project object */ = {
			isa = PBXProject;
			attributes = {
				LastUpgradeCheck = 0620;
				ORGANIZATIONNAME = "Aaron Geisler";
				TargetAttributes = {
					A565C6491AC7A3980009815A = {
						CreatedOnToolsVersion = 6.2;
						DevelopmentTeam = TJHXM4ZKF8;
					};
					A565C6621AC7A3980009815A = {
						CreatedOnToolsVersion = 6.2;
						TestTargetID = A565C6491AC7A3980009815A;
					};
				};
			};
			buildConfigurationList = A565C6451AC7A3980009815A /* Build configuration list for PBXProject "gistlist" */;
			compatibilityVersion = "Xcode 3.2";
			developmentRegion = English;
			hasScannedForEncodings = 0;
			knownRegions = (
				en,
				Base,
			);
			mainGroup = A565C6411AC7A3980009815A;
			productRefGroup = A565C64B1AC7A3980009815A /* Products */;
			projectDirPath = "";
			projectRoot = "";
			targets = (
				A565C6491AC7A3980009815A /* gistlist */,
				A565C6621AC7A3980009815A /* gistlistTests */,
			);
		};
/* End PBXProject section */

/* Begin PBXResourcesBuildPhase section */
		A565C6481AC7A3980009815A /* Resources */ = {
			isa = PBXResourcesBuildPhase;
			buildActionMask = 2147483647;
			files = (
				A5E580E31B11832D00665A6C /* Default-375w-667h@2x.png in Resources */,
				A59A452E1B24FAA5009CCD43 /* AppIcon40x40@3x.png in Resources */,
				A57DB9D51AD99D260092B623 /* AppIcon60x60@2x.png in Resources */,
				A57DB9D41AD99D260092B623 /* AppIcon60x60.png in Resources */,
				A5E580E81B1183CD00665A6C /* Images.xcassets in Resources */,
				A59A452D1B24FAA5009CCD43 /* AppIcon29x29@3x.png in Resources */,
				A5E580E61B11832D00665A6C /* Default@2x.png in Resources */,
				A5E580E41B11832D00665A6C /* Default-414w-736h@3x.png in Resources */,
				A59A45311B24FAA5009CCD43 /* iTunesArtwork@3x.png in Resources */,
				A57DB9D21AD99D260092B623 /* AppIcon40x40.png in Resources */,
				A59A452F1B24FAA5009CCD43 /* AppIcon60x60@3x.png in Resources */,
				A57DB9D31AD99D260092B623 /* AppIcon40x40@2x.png in Resources */,
				A57DB9D11AD99D260092B623 /* AppIcon29x29@2x.png in Resources */,
				A5E580E51B11832D00665A6C /* Default-568h@2x.png in Resources */,
				A57DB9D81AD99D260092B623 /* iTunesArtwork.png in Resources */,
				A57DB9D71AD99D260092B623 /* AppIcon76x76@2x.png in Resources */,
				A57DB9D91AD99D260092B623 /* iTunesArtwork@2x.png in Resources */,
				A59A45301B24FAA5009CCD43 /* AppIcon76x76@3x.png in Resources */,
				A57DB9D01AD99D260092B623 /* AppIcon29x29.png in Resources */,
				A57DB9D61AD99D260092B623 /* AppIcon76x76.png in Resources */,
			);
			runOnlyForDeploymentPostprocessing = 0;
		};
		A565C6611AC7A3980009815A /* Resources */ = {
			isa = PBXResourcesBuildPhase;
			buildActionMask = 2147483647;
			files = (
			);
			runOnlyForDeploymentPostprocessing = 0;
		};
/* End PBXResourcesBuildPhase section */

/* Begin PBXShellScriptBuildPhase section */
		14ADA9F90A37B542F919141C /* [CP] Embed Pods Frameworks */ = {
			isa = PBXShellScriptBuildPhase;
			buildActionMask = 2147483647;
			files = (
			);
			inputPaths = (
			);
			name = "[CP] Embed Pods Frameworks";
			outputPaths = (
			);
			runOnlyForDeploymentPostprocessing = 0;
			shellPath = /bin/sh;
			shellScript = "\"${SRCROOT}/Pods/Target Support Files/Pods-gistlist/Pods-gistlist-frameworks.sh\"\n";
			showEnvVarsInLog = 0;
		};
		605B5065A488A4486E9CA7EE /* [CP] Check Pods Manifest.lock */ = {
			isa = PBXShellScriptBuildPhase;
			buildActionMask = 2147483647;
			files = (
			);
			inputPaths = (
			);
			name = "[CP] Check Pods Manifest.lock";
			outputPaths = (
			);
			runOnlyForDeploymentPostprocessing = 0;
			shellPath = /bin/sh;
			shellScript = "diff \"${PODS_ROOT}/../Podfile.lock\" \"${PODS_ROOT}/Manifest.lock\" > /dev/null\nif [[ $? != 0 ]] ; then\n    cat << EOM\nerror: The sandbox is not in sync with the Podfile.lock. Run 'pod install' or update your CocoaPods installation.\nEOM\n    exit 1\nfi\n";
			showEnvVarsInLog = 0;
		};
		CD59EA4D6AA4E4C25E755EF6 /* [CP] Copy Pods Resources */ = {
			isa = PBXShellScriptBuildPhase;
			buildActionMask = 2147483647;
			files = (
			);
			inputPaths = (
			);
			name = "[CP] Copy Pods Resources";
			outputPaths = (
			);
			runOnlyForDeploymentPostprocessing = 0;
			shellPath = /bin/sh;
			shellScript = "\"${SRCROOT}/Pods/Target Support Files/Pods-gistlist/Pods-gistlist-resources.sh\"\n";
			showEnvVarsInLog = 0;
		};
/* End PBXShellScriptBuildPhase section */

/* Begin PBXSourcesBuildPhase section */
		A565C6461AC7A3980009815A /* Sources */ = {
			isa = PBXSourcesBuildPhase;
			buildActionMask = 2147483647;
			files = (
				A565C7C71AC7AE3C0009815A /* Task.m in Sources */,
				A5E9FEED1AE98AFF00DC6394 /* AnalyticsHelper.m in Sources */,
				A5E9FF301AEC09D600DC6394 /* MarkdownHelper.m in Sources */,
				A565C7D11AC7AE3C0009815A /* LoginViewController.m in Sources */,
				A598EDE21B07A20000112AAE /* UIView+Controls.m in Sources */,
				A565C7D21AC7AE3C0009815A /* MainMenuViewController.m in Sources */,
				A57DBA1D1AD9B95D0092B623 /* DialogHelper.m in Sources */,
				A5EF71411BA55ACD00BBEBDF /* Errors.m in Sources */,
				A565C7C81AC7AE3C0009815A /* TaskList.m in Sources */,
				A5E9FEF01AE98C3C00DC6394 /* LocalData.m in Sources */,
				A565C7D01AC7AE3C0009815A /* LandingViewController.m in Sources */,
				A565C7C91AC7AE3C0009815A /* KeychainStorage.m in Sources */,
				A565C6531AC7A3980009815A /* AppDelegate.m in Sources */,
				A5E9FEE41AE98ABF00DC6394 /* AppService.m in Sources */,
				A565C7C41AC7AE3C0009815A /* UIButton+Extensions.m in Sources */,
				A5A2FB221B1169920066DB9D /* GLTheme.m in Sources */,
				A565C7C51AC7AE3C0009815A /* UIImage+iPhone5.m in Sources */,
				A57DBA151AD9AC7F0092B623 /* RACSignal+Extensions.m in Sources */,
				A565C7D51AC7AE3C0009815A /* TasksViewController.m in Sources */,
				A5E9FEDD1AE9893400DC6394 /* NotificationHelper.m in Sources */,
				A565C7C31AC7AE3C0009815A /* NSObject+Blocks.m in Sources */,
				A565C7D41AC7AE3C0009815A /* TaskCell.m in Sources */,
				A565C7CB1AC7AE3C0009815A /* LocalStorage.m in Sources */,
				A565C7D81AC7AFA90009815A /* OCTClient+FetchDatedGist.m in Sources */,
				A565C7D31AC7AE3C0009815A /* SettingsViewController.m in Sources */,
				A565C7CF1AC7AE3C0009815A /* BaseViewController.m in Sources */,
				A5E9FEE51AE98ABF00DC6394 /* GithubService.m in Sources */,
				A565C6501AC7A3980009815A /* main.m in Sources */,
			);
			runOnlyForDeploymentPostprocessing = 0;
		};
		A565C65F1AC7A3980009815A /* Sources */ = {
			isa = PBXSourcesBuildPhase;
			buildActionMask = 2147483647;
			files = (
				A565C66A1AC7A3980009815A /* gistlistTests.m in Sources */,
			);
			runOnlyForDeploymentPostprocessing = 0;
		};
/* End PBXSourcesBuildPhase section */

/* Begin PBXTargetDependency section */
		A565C6651AC7A3980009815A /* PBXTargetDependency */ = {
			isa = PBXTargetDependency;
			target = A565C6491AC7A3980009815A /* gistlist */;
			targetProxy = A565C6641AC7A3980009815A /* PBXContainerItemProxy */;
		};
/* End PBXTargetDependency section */

/* Begin XCBuildConfiguration section */
		A565C66B1AC7A3980009815A /* Debug */ = {
			isa = XCBuildConfiguration;
			buildSettings = {
				ALWAYS_SEARCH_USER_PATHS = NO;
				CLANG_CXX_LANGUAGE_STANDARD = "gnu++0x";
				CLANG_CXX_LIBRARY = "libc++";
				CLANG_ENABLE_MODULES = YES;
				CLANG_ENABLE_OBJC_ARC = YES;
				CLANG_WARN_BOOL_CONVERSION = YES;
				CLANG_WARN_CONSTANT_CONVERSION = YES;
				CLANG_WARN_DIRECT_OBJC_ISA_USAGE = YES_ERROR;
				CLANG_WARN_EMPTY_BODY = YES;
				CLANG_WARN_ENUM_CONVERSION = YES;
				CLANG_WARN_INT_CONVERSION = YES;
				CLANG_WARN_OBJC_ROOT_CLASS = YES_ERROR;
				CLANG_WARN_UNREACHABLE_CODE = YES;
				CLANG_WARN__DUPLICATE_METHOD_MATCH = YES;
				CODE_SIGN_IDENTITY = "";
				"CODE_SIGN_IDENTITY[sdk=iphoneos*]" = "";
				COPY_PHASE_STRIP = NO;
				ENABLE_STRICT_OBJC_MSGSEND = YES;
				GCC_C_LANGUAGE_STANDARD = gnu99;
				GCC_DYNAMIC_NO_PIC = NO;
				GCC_OPTIMIZATION_LEVEL = 0;
				GCC_PREPROCESSOR_DEFINITIONS = (
					"DEBUG=1",
					"$(inherited)",
				);
				GCC_SYMBOLS_PRIVATE_EXTERN = NO;
				GCC_WARN_64_TO_32_BIT_CONVERSION = YES;
				GCC_WARN_ABOUT_RETURN_TYPE = YES_ERROR;
				GCC_WARN_UNDECLARED_SELECTOR = YES;
				GCC_WARN_UNINITIALIZED_AUTOS = YES_AGGRESSIVE;
				GCC_WARN_UNUSED_FUNCTION = YES;
				GCC_WARN_UNUSED_VARIABLE = YES;
				IPHONEOS_DEPLOYMENT_TARGET = 8.2;
				MTL_ENABLE_DEBUG_INFO = YES;
				ONLY_ACTIVE_ARCH = YES;
				PROVISIONING_PROFILE = "";
				SDKROOT = iphoneos;
			};
			name = Debug;
		};
		A565C66C1AC7A3980009815A /* Release */ = {
			isa = XCBuildConfiguration;
			buildSettings = {
				ALWAYS_SEARCH_USER_PATHS = NO;
				CLANG_CXX_LANGUAGE_STANDARD = "gnu++0x";
				CLANG_CXX_LIBRARY = "libc++";
				CLANG_ENABLE_MODULES = YES;
				CLANG_ENABLE_OBJC_ARC = YES;
				CLANG_WARN_BOOL_CONVERSION = YES;
				CLANG_WARN_CONSTANT_CONVERSION = YES;
				CLANG_WARN_DIRECT_OBJC_ISA_USAGE = YES_ERROR;
				CLANG_WARN_EMPTY_BODY = YES;
				CLANG_WARN_ENUM_CONVERSION = YES;
				CLANG_WARN_INT_CONVERSION = YES;
				CLANG_WARN_OBJC_ROOT_CLASS = YES_ERROR;
				CLANG_WARN_UNREACHABLE_CODE = YES;
				CLANG_WARN__DUPLICATE_METHOD_MATCH = YES;
				CODE_SIGN_IDENTITY = "";
				"CODE_SIGN_IDENTITY[sdk=iphoneos*]" = "";
				COPY_PHASE_STRIP = NO;
				ENABLE_NS_ASSERTIONS = NO;
				ENABLE_STRICT_OBJC_MSGSEND = YES;
				GCC_C_LANGUAGE_STANDARD = gnu99;
				GCC_WARN_64_TO_32_BIT_CONVERSION = YES;
				GCC_WARN_ABOUT_RETURN_TYPE = YES_ERROR;
				GCC_WARN_UNDECLARED_SELECTOR = YES;
				GCC_WARN_UNINITIALIZED_AUTOS = YES_AGGRESSIVE;
				GCC_WARN_UNUSED_FUNCTION = YES;
				GCC_WARN_UNUSED_VARIABLE = YES;
				IPHONEOS_DEPLOYMENT_TARGET = 8.2;
				MTL_ENABLE_DEBUG_INFO = NO;
				PROVISIONING_PROFILE = "";
				SDKROOT = iphoneos;
				VALIDATE_PRODUCT = YES;
			};
			name = Release;
		};
		A565C66E1AC7A3980009815A /* Debug */ = {
			isa = XCBuildConfiguration;
			baseConfigurationReference = 737633AE8E95716FE2882E6B /* Pods-gistlist.debug.xcconfig */;
			buildSettings = {
				ASSETCATALOG_COMPILER_APPICON_NAME = AppIcon;
				ASSETCATALOG_COMPILER_LAUNCHIMAGE_NAME = LaunchImage;
				CODE_SIGN_IDENTITY = "";
				"CODE_SIGN_IDENTITY[sdk=iphoneos*]" = "";
				INFOPLIST_FILE = gistlist/Info.plist;
				IPHONEOS_DEPLOYMENT_TARGET = 8.0;
				LD_RUNPATH_SEARCH_PATHS = "$(inherited) @executable_path/Frameworks";
				PRODUCT_NAME = GistList;
				PROVISIONING_PROFILE = "";
				TARGETED_DEVICE_FAMILY = 1;
			};
			name = Debug;
		};
		A565C66F1AC7A3980009815A /* Release */ = {
			isa = XCBuildConfiguration;
			baseConfigurationReference = 1D6205505B0C04592783250B /* Pods-gistlist.release.xcconfig */;
			buildSettings = {
				ASSETCATALOG_COMPILER_APPICON_NAME = AppIcon;
				ASSETCATALOG_COMPILER_LAUNCHIMAGE_NAME = LaunchImage;
				CODE_SIGN_IDENTITY = "";
				"CODE_SIGN_IDENTITY[sdk=iphoneos*]" = "";
				INFOPLIST_FILE = gistlist/Info.plist;
				IPHONEOS_DEPLOYMENT_TARGET = 8.0;
				LD_RUNPATH_SEARCH_PATHS = "$(inherited) @executable_path/Frameworks";
				PRODUCT_NAME = GistList;
				PROVISIONING_PROFILE = "";
				TARGETED_DEVICE_FAMILY = 1;
			};
			name = Release;
		};
		A565C6711AC7A3980009815A /* Debug */ = {
			isa = XCBuildConfiguration;
			buildSettings = {
				BUNDLE_LOADER = "$(TEST_HOST)";
				FRAMEWORK_SEARCH_PATHS = (
					"$(SDKROOT)/Developer/Library/Frameworks",
					"$(inherited)",
				);
				GCC_PREPROCESSOR_DEFINITIONS = (
					"DEBUG=1",
					"$(inherited)",
				);
				INFOPLIST_FILE = gistlistTests/Info.plist;
				LD_RUNPATH_SEARCH_PATHS = "$(inherited) @executable_path/Frameworks @loader_path/Frameworks";
				PRODUCT_NAME = "$(TARGET_NAME)";
				TEST_HOST = "$(BUILT_PRODUCTS_DIR)/gistlist.app/gistlist";
			};
			name = Debug;
		};
		A565C6721AC7A3980009815A /* Release */ = {
			isa = XCBuildConfiguration;
			buildSettings = {
				BUNDLE_LOADER = "$(TEST_HOST)";
				FRAMEWORK_SEARCH_PATHS = (
					"$(SDKROOT)/Developer/Library/Frameworks",
					"$(inherited)",
				);
				INFOPLIST_FILE = gistlistTests/Info.plist;
				LD_RUNPATH_SEARCH_PATHS = "$(inherited) @executable_path/Frameworks @loader_path/Frameworks";
				PRODUCT_NAME = "$(TARGET_NAME)";
				TEST_HOST = "$(BUILT_PRODUCTS_DIR)/gistlist.app/gistlist";
			};
			name = Release;
		};
/* End XCBuildConfiguration section */

/* Begin XCConfigurationList section */
		A565C6451AC7A3980009815A /* Build configuration list for PBXProject "gistlist" */ = {
			isa = XCConfigurationList;
			buildConfigurations = (
				A565C66B1AC7A3980009815A /* Debug */,
				A565C66C1AC7A3980009815A /* Release */,
			);
			defaultConfigurationIsVisible = 0;
			defaultConfigurationName = Release;
		};
		A565C66D1AC7A3980009815A /* Build configuration list for PBXNativeTarget "gistlist" */ = {
			isa = XCConfigurationList;
			buildConfigurations = (
				A565C66E1AC7A3980009815A /* Debug */,
				A565C66F1AC7A3980009815A /* Release */,
			);
			defaultConfigurationIsVisible = 0;
			defaultConfigurationName = Release;
		};
		A565C6701AC7A3980009815A /* Build configuration list for PBXNativeTarget "gistlistTests" */ = {
			isa = XCConfigurationList;
			buildConfigurations = (
				A565C6711AC7A3980009815A /* Debug */,
				A565C6721AC7A3980009815A /* Release */,
			);
			defaultConfigurationIsVisible = 0;
			defaultConfigurationName = Release;
		};
/* End XCConfigurationList section */
	};
	rootObject = A565C6421AC7A3980009815A /* Project object */;
}
